{
  "name": "timeline2sqlite",
  "version": "0.0.0",
  "lockfileVersion": 3,
  "requires": true,
  "packages": {
    "": {
      "name": "timeline2sqlite",
      "version": "0.0.0",
      "dependencies": {
        "sql.js": "~0.5.0"
      },
      "devDependencies": {
        "nbb": "~1.2.179"
      }
    },
    "node_modules/import-meta-resolve": {
      "version": "2.2.2",
      "resolved": "https://registry.npmjs.org/import-meta-resolve/-/import-meta-resolve-2.2.2.tgz",
      "integrity": "sha512-f8KcQ1D80V7RnqVm+/lirO9zkOxjGxhaTC1IPrBGd3MEfNgmNG67tSUO9gTi2F3Blr2Az6g1vocaxzkVnWl9MA==",
      "dev": true,
      "funding": {
        "type": "github",
        "url": "https://github.com/sponsors/wooorm"
      }
    },
    "node_modules/nbb": {
      "version": "1.2.179",
      "resolved": "https://registry.npmjs.org/nbb/-/nbb-1.2.179.tgz",
      "integrity": "sha512-9+bUNFxbUAML5fMpkwftFyq3O0mV4vFqB22wS9BFerdoPrNi6MeFk8n4gmoDuBP0dmY8K1l8XSuYCGlz78KCcQ==",
      "dev": true,
      "dependencies": {
        "import-meta-resolve": "^2.1.0"
      },
      "bin": {
        "nbb": "cli.js",
        "nbbun": "nbbun.js"
      }
    },
    "node_modules/sql.js": {
      "version": "0.5.0",
      "resolved": "https://registry.npmjs.org/sql.js/-/sql.js-0.5.0.tgz",
      "integrity": "sha512-E80yfgPSOvkbEweROP8kUg+8YfvuWht2RYhPMngkJuKD7IgFVWPP/pAhSAUVZMY9UPf5m10Pi0yW9e4CRnmYGg=="
    }
  }
}
